
Microsoft Visual Studio Solution File, Format Version 12.00
# Visual Studio Version 16
VisualStudioVersion = 16.0.30128.74
MinimumVisualStudioVersion = 10.0.40219.1
Project("{FAE04EC0-301F-11D3-BF4B-00C04F79EFBC}") = "BikeShop", "BikeShop\BikeShop.csproj", "{6AA88632-5056-45A7-BBC7-2935259DE046}"
EndProject
Global
	GlobalSection(SolutionConfigurationPlatforms) = preSolution
		Debug|Any CPU = Debug|Any CPU
		Release|Any CPU = Release|Any CPU
	EndGlobalSection
	GlobalSection(ProjectConfigurationPlatforms) = postSolution
		{6AA88632-5056-45A7-BBC7-2935259DE046}.Debug|Any CPU.ActiveCfg = Debug|Any CPU
		{6AA88632-5056-45A7-BBC7-2935259DE046}.Debug|Any CPU.Build.0 = Debug|Any CPU
		{6AA88632-5056-45A7-BBC7-2935259DE046}.Release|Any CPU.ActiveCfg = Release|Any CPU
		{6AA88632-5056-45A7-BBC7-2935259DE046}.Release|Any CPU.Build.0 = Release|Any CPU
	EndGlobalSection
	GlobalSection(SolutionProperties) = preSolution
		HideSolutionNode = FALSE
	EndGlobalSection
	GlobalSection(ExtensibilityGlobals) = postSolution
		SolutionGuid = {2377C27A-2631-4FD0-9130-BB8877436324}
	EndGlobalSection
EndGlobal
