
Microsoft Visual Studio Solution File, Format Version 12.00
# Visual Studio Version 16
VisualStudioVersion = 16.0.30114.105
MinimumVisualStudioVersion = 10.0.40219.1
Project("{FAE04EC0-301F-11D3-BF4B-00C04F79EFBC}") = "WpfApp1", "WpfApp1\WpfApp1.csproj", "{48BAA4FC-2792-4ADB-AB43-48E0343E1161}"
EndProject
Project("{FAE04EC0-301F-11D3-BF4B-00C04F79EFBC}") = "WpfApp2", "WpfApp2\WpfApp2.csproj", "{C41AF7EA-AFF6-48D1-B265-83937E055628}"
EndProject
Project("{FAE04EC0-301F-11D3-BF4B-00C04F79EFBC}") = "WpfBasicControlApp1", "WpfBasicControlApp1\WpfBasicControlApp1.csproj", "{781A05E8-62B7-40DF-815C-3B53C88F1C42}"
EndProject
Global
	GlobalSection(SolutionConfigurationPlatforms) = preSolution
		Debug|Any CPU = Debug|Any CPU
		Release|Any CPU = Release|Any CPU
	EndGlobalSection
	GlobalSection(ProjectConfigurationPlatforms) = postSolution
		{48BAA4FC-2792-4ADB-AB43-48E0343E1161}.Debug|Any CPU.ActiveCfg = Debug|Any CPU
		{48BAA4FC-2792-4ADB-AB43-48E0343E1161}.Debug|Any CPU.Build.0 = Debug|Any CPU
		{48BAA4FC-2792-4ADB-AB43-48E0343E1161}.Release|Any CPU.ActiveCfg = Release|Any CPU
		{48BAA4FC-2792-4ADB-AB43-48E0343E1161}.Release|Any CPU.Build.0 = Release|Any CPU
		{C41AF7EA-AFF6-48D1-B265-83937E055628}.Debug|Any CPU.ActiveCfg = Debug|Any CPU
		{C41AF7EA-AFF6-48D1-B265-83937E055628}.Debug|Any CPU.Build.0 = Debug|Any CPU
		{C41AF7EA-AFF6-48D1-B265-83937E055628}.Release|Any CPU.ActiveCfg = Release|Any CPU
		{C41AF7EA-AFF6-48D1-B265-83937E055628}.Release|Any CPU.Build.0 = Release|Any CPU
		{781A05E8-62B7-40DF-815C-3B53C88F1C42}.Debug|Any CPU.ActiveCfg = Debug|Any CPU
		{781A05E8-62B7-40DF-815C-3B53C88F1C42}.Debug|Any CPU.Build.0 = Debug|Any CPU
		{781A05E8-62B7-40DF-815C-3B53C88F1C42}.Release|Any CPU.ActiveCfg = Release|Any CPU
		{781A05E8-62B7-40DF-815C-3B53C88F1C42}.Release|Any CPU.Build.0 = Release|Any CPU
	EndGlobalSection
	GlobalSection(SolutionProperties) = preSolution
		HideSolutionNode = FALSE
	EndGlobalSection
	GlobalSection(ExtensibilityGlobals) = postSolution
		SolutionGuid = {0ED81B91-6C34-4B5A-B0BA-F7223F7902EA}
	EndGlobalSection
EndGlobal
