
Microsoft Visual Studio Solution File, Format Version 12.00
# Visual Studio Version 16
VisualStudioVersion = 16.0.30128.74
MinimumVisualStudioVersion = 10.0.40219.1
Project("{FAE04EC0-301F-11D3-BF4B-00C04F79EFBC}") = "WpfMvvmUIApp", "WpfUIApp\WpfMvvmUIApp.csproj", "{9AF471D0-63C7-4DCC-AA4D-69550F020CC8}"
EndProject
Project("{FAE04EC0-301F-11D3-BF4B-00C04F79EFBC}") = "MigrationUIApp", "MigrationUIApp\MigrationUIApp.csproj", "{DC2BD5B6-30CE-4B5A-9249-EA63514FF759}"
EndProject
Project("{FAE04EC0-301F-11D3-BF4B-00C04F79EFBC}") = "StartCaliburnApp", "StartCaliburnApp\StartCaliburnApp.csproj", "{5D85B42A-88B7-4D1A-89D7-40A6A31DDF90}"
EndProject
Global
	GlobalSection(SolutionConfigurationPlatforms) = preSolution
		Debug|Any CPU = Debug|Any CPU
		Release|Any CPU = Release|Any CPU
	EndGlobalSection
	GlobalSection(ProjectConfigurationPlatforms) = postSolution
		{9AF471D0-63C7-4DCC-AA4D-69550F020CC8}.Debug|Any CPU.ActiveCfg = Debug|Any CPU
		{9AF471D0-63C7-4DCC-AA4D-69550F020CC8}.Debug|Any CPU.Build.0 = Debug|Any CPU
		{9AF471D0-63C7-4DCC-AA4D-69550F020CC8}.Release|Any CPU.ActiveCfg = Release|Any CPU
		{9AF471D0-63C7-4DCC-AA4D-69550F020CC8}.Release|Any CPU.Build.0 = Release|Any CPU
		{DC2BD5B6-30CE-4B5A-9249-EA63514FF759}.Debug|Any CPU.ActiveCfg = Debug|Any CPU
		{DC2BD5B6-30CE-4B5A-9249-EA63514FF759}.Debug|Any CPU.Build.0 = Debug|Any CPU
		{DC2BD5B6-30CE-4B5A-9249-EA63514FF759}.Release|Any CPU.ActiveCfg = Release|Any CPU
		{DC2BD5B6-30CE-4B5A-9249-EA63514FF759}.Release|Any CPU.Build.0 = Release|Any CPU
		{5D85B42A-88B7-4D1A-89D7-40A6A31DDF90}.Debug|Any CPU.ActiveCfg = Debug|Any CPU
		{5D85B42A-88B7-4D1A-89D7-40A6A31DDF90}.Debug|Any CPU.Build.0 = Debug|Any CPU
		{5D85B42A-88B7-4D1A-89D7-40A6A31DDF90}.Release|Any CPU.ActiveCfg = Release|Any CPU
		{5D85B42A-88B7-4D1A-89D7-40A6A31DDF90}.Release|Any CPU.Build.0 = Release|Any CPU
	EndGlobalSection
	GlobalSection(SolutionProperties) = preSolution
		HideSolutionNode = FALSE
	EndGlobalSection
	GlobalSection(ExtensibilityGlobals) = postSolution
		SolutionGuid = {37C1D738-BB55-4B22-92B4-A5171E2C1CFA}
	EndGlobalSection
EndGlobal
