
Microsoft Visual Studio Solution File, Format Version 12.00
# Visual Studio Version 16
VisualStudioVersion = 16.0.30320.27
MinimumVisualStudioVersion = 10.0.40219.1
Project("{FAE04EC0-301F-11D3-BF4B-00C04F79EFBC}") = "StartCaliburnApp", "StartCaliburnApp\StartCaliburnApp.csproj", "{F195629D-EAB2-4E61-84EE-33F35E5A805C}"
EndProject
Project("{FAE04EC0-301F-11D3-BF4B-00C04F79EFBC}") = "MvvmApp", "..\MvvmApp\MvvmApp.csproj", "{246BFCF0-1C4C-4A3E-9617-E809C497B024}"
EndProject
Project("{FAE04EC0-301F-11D3-BF4B-00C04F79EFBC}") = "SecondCaliburnApp", "SecondCaliburnApp\SecondCaliburnApp.csproj", "{E2528F36-864C-4A5E-B176-CAD25F57D4E2}"
EndProject
Project("{FAE04EC0-301F-11D3-BF4B-00C04F79EFBC}") = "WpfChartApp", "WpfChartApp\WpfChartApp.csproj", "{600C9E0E-21EC-4257-91A7-D6C378B683E9}"
EndProject
Project("{FAE04EC0-301F-11D3-BF4B-00C04F79EFBC}") = "ThirdCaliburnApp", "ThirdCaliburnApp\ThirdCaliburnApp.csproj", "{E21EA5EE-95EB-4FE7-84F2-A57180A44BB6}"
EndProject
Global
	GlobalSection(SolutionConfigurationPlatforms) = preSolution
		Debug|Any CPU = Debug|Any CPU
		Release|Any CPU = Release|Any CPU
	EndGlobalSection
	GlobalSection(ProjectConfigurationPlatforms) = postSolution
		{F195629D-EAB2-4E61-84EE-33F35E5A805C}.Debug|Any CPU.ActiveCfg = Debug|Any CPU
		{F195629D-EAB2-4E61-84EE-33F35E5A805C}.Debug|Any CPU.Build.0 = Debug|Any CPU
		{F195629D-EAB2-4E61-84EE-33F35E5A805C}.Release|Any CPU.ActiveCfg = Release|Any CPU
		{F195629D-EAB2-4E61-84EE-33F35E5A805C}.Release|Any CPU.Build.0 = Release|Any CPU
		{246BFCF0-1C4C-4A3E-9617-E809C497B024}.Debug|Any CPU.ActiveCfg = Debug|Any CPU
		{246BFCF0-1C4C-4A3E-9617-E809C497B024}.Debug|Any CPU.Build.0 = Debug|Any CPU
		{246BFCF0-1C4C-4A3E-9617-E809C497B024}.Release|Any CPU.ActiveCfg = Release|Any CPU
		{246BFCF0-1C4C-4A3E-9617-E809C497B024}.Release|Any CPU.Build.0 = Release|Any CPU
		{E2528F36-864C-4A5E-B176-CAD25F57D4E2}.Debug|Any CPU.ActiveCfg = Debug|Any CPU
		{E2528F36-864C-4A5E-B176-CAD25F57D4E2}.Debug|Any CPU.Build.0 = Debug|Any CPU
		{E2528F36-864C-4A5E-B176-CAD25F57D4E2}.Release|Any CPU.ActiveCfg = Release|Any CPU
		{E2528F36-864C-4A5E-B176-CAD25F57D4E2}.Release|Any CPU.Build.0 = Release|Any CPU
		{600C9E0E-21EC-4257-91A7-D6C378B683E9}.Debug|Any CPU.ActiveCfg = Debug|Any CPU
		{600C9E0E-21EC-4257-91A7-D6C378B683E9}.Debug|Any CPU.Build.0 = Debug|Any CPU
		{600C9E0E-21EC-4257-91A7-D6C378B683E9}.Release|Any CPU.ActiveCfg = Release|Any CPU
		{600C9E0E-21EC-4257-91A7-D6C378B683E9}.Release|Any CPU.Build.0 = Release|Any CPU
		{E21EA5EE-95EB-4FE7-84F2-A57180A44BB6}.Debug|Any CPU.ActiveCfg = Debug|Any CPU
		{E21EA5EE-95EB-4FE7-84F2-A57180A44BB6}.Debug|Any CPU.Build.0 = Debug|Any CPU
		{E21EA5EE-95EB-4FE7-84F2-A57180A44BB6}.Release|Any CPU.ActiveCfg = Release|Any CPU
		{E21EA5EE-95EB-4FE7-84F2-A57180A44BB6}.Release|Any CPU.Build.0 = Release|Any CPU
	EndGlobalSection
	GlobalSection(SolutionProperties) = preSolution
		HideSolutionNode = FALSE
	EndGlobalSection
	GlobalSection(ExtensibilityGlobals) = postSolution
		SolutionGuid = {F1BD8A18-3AB8-4F0B-87C4-4F31B41673BE}
	EndGlobalSection
EndGlobal
